
Microsoft Visual Studio Solution File, Format Version 12.00
# Visual Studio Version 17
VisualStudioVersion = 17.4.33213.308
MinimumVisualStudioVersion = 10.0.40219.1
Project("{9A19103F-16F7-4668-BE54-9A1E7A4F7556}") = "LabProj", "LabProj.csproj", "{120B26E2-9A3F-4F7B-A8B1-542A3FCA3AB3}"
EndProject
Project("{2150E333-8FDC-42A3-9474-1A3956D46DE8}") = "Solution Items", "Solution Items", "{1BFAEF61-8507-4411-8A53-7915BDE4F720}"
	ProjectSection(SolutionItems) = preProject
		.editorconfig = .editorconfig
	EndProjectSection
EndProject
Global
	GlobalSection(SolutionConfigurationPlatforms) = preSolution
		Debug|Any CPU = Debug|Any CPU
		Release|Any CPU = Release|Any CPU
	EndGlobalSection
	GlobalSection(ProjectConfigurationPlatforms) = postSolution
		{120B26E2-9A3F-4F7B-A8B1-542A3FCA3AB3}.Debug|Any CPU.ActiveCfg = Debug|Any CPU
		{120B26E2-9A3F-4F7B-A8B1-542A3FCA3AB3}.Debug|Any CPU.Build.0 = Debug|Any CPU
		{120B26E2-9A3F-4F7B-A8B1-542A3FCA3AB3}.Release|Any CPU.ActiveCfg = Release|Any CPU
		{120B26E2-9A3F-4F7B-A8B1-542A3FCA3AB3}.Release|Any CPU.Build.0 = Release|Any CPU
	EndGlobalSection
	GlobalSection(SolutionProperties) = preSolution
		HideSolutionNode = FALSE
	EndGlobalSection
	GlobalSection(ExtensibilityGlobals) = postSolution
		SolutionGuid = {9E621290-17F4-431B-882A-5582B2E2B76B}
	EndGlobalSection
EndGlobal
